
Microsoft Visual Studio Solution File, Format Version 12.00
# Visual Studio 15
VisualStudioVersion = 15.0.27130.2010
MinimumVisualStudioVersion = 10.0.40219.1
Project("{FAE04EC0-301F-11D3-BF4B-00C04F79EFBC}") = "Scantron", "Scantron\Scantron.csproj", "{FA7E8847-CE4C-47CD-9D7C-BB0914761825}"
EndProject
Project("{930C7802-8A8C-48F9-8165-68863BCCD9DD}") = "Scantron Msi", "Scantron Msi\Scantron Msi.wixproj", "{ADD993E7-0600-481D-8FCA-BAE17A00DF16}"
EndProject
Project("{930C7802-8A8C-48F9-8165-68863BCCD9DD}") = "Project Bootstrapper", "Project Bootstrapper\Project Bootstrapper.wixproj", "{FA1BD271-E64F-4785-BA33-3E752AE42FFB}"
EndProject
Project("{2150E333-8FDC-42A3-9474-1A3956D46DE8}") = "Media Files", "Media Files", "{28232785-23C5-47D7-93FD-BE5BC351072A}"
	ProjectSection(SolutionItems) = preProject
		Media Files\Scantron Icon.psd = Media Files\Scantron Icon.psd
		Media Files\scantron.ico = Media Files\scantron.ico
		Media Files\ScantronEULA.rtf = Media Files\ScantronEULA.rtf
		Media Files\ScantronPNG.png = Media Files\ScantronPNG.png
	EndProjectSection
EndProject
Global
	GlobalSection(SolutionConfigurationPlatforms) = preSolution
		Debug|Any CPU = Debug|Any CPU
		Debug|x86 = Debug|x86
		Release|Any CPU = Release|Any CPU
		Release|x86 = Release|x86
	EndGlobalSection
	GlobalSection(ProjectConfigurationPlatforms) = postSolution
		{FA7E8847-CE4C-47CD-9D7C-BB0914761825}.Debug|Any CPU.ActiveCfg = Debug|Any CPU
		{FA7E8847-CE4C-47CD-9D7C-BB0914761825}.Debug|Any CPU.Build.0 = Debug|Any CPU
		{FA7E8847-CE4C-47CD-9D7C-BB0914761825}.Debug|x86.ActiveCfg = Debug|Any CPU
		{FA7E8847-CE4C-47CD-9D7C-BB0914761825}.Debug|x86.Build.0 = Debug|Any CPU
		{FA7E8847-CE4C-47CD-9D7C-BB0914761825}.Release|Any CPU.ActiveCfg = Release|Any CPU
		{FA7E8847-CE4C-47CD-9D7C-BB0914761825}.Release|Any CPU.Build.0 = Release|Any CPU
		{FA7E8847-CE4C-47CD-9D7C-BB0914761825}.Release|x86.ActiveCfg = Release|Any CPU
		{FA7E8847-CE4C-47CD-9D7C-BB0914761825}.Release|x86.Build.0 = Release|Any CPU
		{ADD993E7-0600-481D-8FCA-BAE17A00DF16}.Debug|Any CPU.ActiveCfg = Debug|x86
		{ADD993E7-0600-481D-8FCA-BAE17A00DF16}.Debug|Any CPU.Build.0 = Debug|x86
		{ADD993E7-0600-481D-8FCA-BAE17A00DF16}.Debug|x86.ActiveCfg = Debug|x86
		{ADD993E7-0600-481D-8FCA-BAE17A00DF16}.Debug|x86.Build.0 = Debug|x86
		{ADD993E7-0600-481D-8FCA-BAE17A00DF16}.Release|Any CPU.ActiveCfg = Release|x86
		{ADD993E7-0600-481D-8FCA-BAE17A00DF16}.Release|x86.ActiveCfg = Release|x86
		{ADD993E7-0600-481D-8FCA-BAE17A00DF16}.Release|x86.Build.0 = Release|x86
		{FA1BD271-E64F-4785-BA33-3E752AE42FFB}.Debug|Any CPU.ActiveCfg = Debug|x86
		{FA1BD271-E64F-4785-BA33-3E752AE42FFB}.Debug|Any CPU.Build.0 = Debug|x86
		{FA1BD271-E64F-4785-BA33-3E752AE42FFB}.Debug|x86.ActiveCfg = Debug|x86
		{FA1BD271-E64F-4785-BA33-3E752AE42FFB}.Debug|x86.Build.0 = Debug|x86
		{FA1BD271-E64F-4785-BA33-3E752AE42FFB}.Release|Any CPU.ActiveCfg = Release|x86
		{FA1BD271-E64F-4785-BA33-3E752AE42FFB}.Release|x86.ActiveCfg = Release|x86
		{FA1BD271-E64F-4785-BA33-3E752AE42FFB}.Release|x86.Build.0 = Release|x86
	EndGlobalSection
	GlobalSection(SolutionProperties) = preSolution
		HideSolutionNode = FALSE
	EndGlobalSection
	GlobalSection(ExtensibilityGlobals) = postSolution
		SolutionGuid = {B5B93FF4-E6BA-4D5B-AAB3-FA7F90136266}
	EndGlobalSection
EndGlobal
